
Microsoft Visual Studio Solution File, Format Version 12.00
# Visual Studio Version 17
VisualStudioVersion = 17.4.33110.190
MinimumVisualStudioVersion = 10.0.40219.1
Project("{9A19103F-16F7-4668-BE54-9A1E7A4F7556}") = "WarehouseService.API", "WarehouseService\WarehouseService.API.csproj", "{82274D0D-CCE0-4B36-B5AC-ED3BB5D9CEB6}"
EndProject
Project("{FAE04EC0-301F-11D3-BF4B-00C04F79EFBC}") = "WarehouseService.Domain", "WarehouseService.DAL\WarehouseService.Domain.csproj", "{1D25A029-1459-46BC-80AB-E6A006C24FB5}"
EndProject
Project("{FAE04EC0-301F-11D3-BF4B-00C04F79EFBC}") = "WarehouseService.Infrastructure.Persistance", "WarehouseService.Infrastructure\WarehouseService.Infrastructure.Persistance.csproj", "{5CAE8999-AE2F-46DB-A434-20E1092EAF3C}"
EndProject
Project("{FAE04EC0-301F-11D3-BF4B-00C04F79EFBC}") = "WarehouseService.Application", "WarehouseService.Application\WarehouseService.Application.csproj", "{719CA2DC-99D3-428E-B769-D9ED7337DDCE}"
EndProject
Global
	GlobalSection(SolutionConfigurationPlatforms) = preSolution
		Debug|Any CPU = Debug|Any CPU
		Release|Any CPU = Release|Any CPU
	EndGlobalSection
	GlobalSection(ProjectConfigurationPlatforms) = postSolution
		{82274D0D-CCE0-4B36-B5AC-ED3BB5D9CEB6}.Debug|Any CPU.ActiveCfg = Debug|Any CPU
		{82274D0D-CCE0-4B36-B5AC-ED3BB5D9CEB6}.Debug|Any CPU.Build.0 = Debug|Any CPU
		{82274D0D-CCE0-4B36-B5AC-ED3BB5D9CEB6}.Release|Any CPU.ActiveCfg = Release|Any CPU
		{82274D0D-CCE0-4B36-B5AC-ED3BB5D9CEB6}.Release|Any CPU.Build.0 = Release|Any CPU
		{1D25A029-1459-46BC-80AB-E6A006C24FB5}.Debug|Any CPU.ActiveCfg = Debug|Any CPU
		{1D25A029-1459-46BC-80AB-E6A006C24FB5}.Debug|Any CPU.Build.0 = Debug|Any CPU
		{1D25A029-1459-46BC-80AB-E6A006C24FB5}.Release|Any CPU.ActiveCfg = Release|Any CPU
		{1D25A029-1459-46BC-80AB-E6A006C24FB5}.Release|Any CPU.Build.0 = Release|Any CPU
		{5CAE8999-AE2F-46DB-A434-20E1092EAF3C}.Debug|Any CPU.ActiveCfg = Debug|Any CPU
		{5CAE8999-AE2F-46DB-A434-20E1092EAF3C}.Debug|Any CPU.Build.0 = Debug|Any CPU
		{5CAE8999-AE2F-46DB-A434-20E1092EAF3C}.Release|Any CPU.ActiveCfg = Release|Any CPU
		{5CAE8999-AE2F-46DB-A434-20E1092EAF3C}.Release|Any CPU.Build.0 = Release|Any CPU
		{719CA2DC-99D3-428E-B769-D9ED7337DDCE}.Debug|Any CPU.ActiveCfg = Debug|Any CPU
		{719CA2DC-99D3-428E-B769-D9ED7337DDCE}.Debug|Any CPU.Build.0 = Debug|Any CPU
		{719CA2DC-99D3-428E-B769-D9ED7337DDCE}.Release|Any CPU.ActiveCfg = Release|Any CPU
		{719CA2DC-99D3-428E-B769-D9ED7337DDCE}.Release|Any CPU.Build.0 = Release|Any CPU
	EndGlobalSection
	GlobalSection(SolutionProperties) = preSolution
		HideSolutionNode = FALSE
	EndGlobalSection
	GlobalSection(ExtensibilityGlobals) = postSolution
		SolutionGuid = {32448A6B-9835-4A9A-A385-4A9F52509FC9}
	EndGlobalSection
EndGlobal
